
Microsoft Visual Studio Solution File, Format Version 12.00
# Visual Studio 15
VisualStudioVersion = 15.0.27428.2011
MinimumVisualStudioVersion = 10.0.40219.1
Project("{FAE04EC0-301F-11D3-BF4B-00C04F79EFBC}") = "RawImageViewer", "RawImageViewer\RawImageViewer.csproj", "{F22E4D8C-FBDF-4585-8171-99C1F2295EA7}"
EndProject
Project("{8BC9CEB8-8B4A-11D0-8D11-00A0C91BC942}") = "bayer2rgb", "bayer2rgb\bayer2rgb.vcxproj", "{3768E746-1F96-4759-BFCB-F022AF2E2C59}"
EndProject
Global
	GlobalSection(SolutionConfigurationPlatforms) = preSolution
		Debug|Any CPU = Debug|Any CPU
		Debug|x64 = Debug|x64
		Debug|x86 = Debug|x86
		Release|Any CPU = Release|Any CPU
		Release|x64 = Release|x64
		Release|x86 = Release|x86
	EndGlobalSection
	GlobalSection(ProjectConfigurationPlatforms) = postSolution
		{F22E4D8C-FBDF-4585-8171-99C1F2295EA7}.Debug|Any CPU.ActiveCfg = Debug|Any CPU
		{F22E4D8C-FBDF-4585-8171-99C1F2295EA7}.Debug|Any CPU.Build.0 = Debug|Any CPU
		{F22E4D8C-FBDF-4585-8171-99C1F2295EA7}.Debug|x64.ActiveCfg = Debug|Any CPU
		{F22E4D8C-FBDF-4585-8171-99C1F2295EA7}.Debug|x64.Build.0 = Debug|Any CPU
		{F22E4D8C-FBDF-4585-8171-99C1F2295EA7}.Debug|x86.ActiveCfg = Debug|Any CPU
		{F22E4D8C-FBDF-4585-8171-99C1F2295EA7}.Debug|x86.Build.0 = Debug|Any CPU
		{F22E4D8C-FBDF-4585-8171-99C1F2295EA7}.Release|Any CPU.ActiveCfg = Release|Any CPU
		{F22E4D8C-FBDF-4585-8171-99C1F2295EA7}.Release|Any CPU.Build.0 = Release|Any CPU
		{F22E4D8C-FBDF-4585-8171-99C1F2295EA7}.Release|x64.ActiveCfg = Release|Any CPU
		{F22E4D8C-FBDF-4585-8171-99C1F2295EA7}.Release|x64.Build.0 = Release|Any CPU
		{F22E4D8C-FBDF-4585-8171-99C1F2295EA7}.Release|x86.ActiveCfg = Release|Any CPU
		{F22E4D8C-FBDF-4585-8171-99C1F2295EA7}.Release|x86.Build.0 = Release|Any CPU
		{3768E746-1F96-4759-BFCB-F022AF2E2C59}.Debug|Any CPU.ActiveCfg = Debug|Win32
		{3768E746-1F96-4759-BFCB-F022AF2E2C59}.Debug|x64.ActiveCfg = Debug|x64
		{3768E746-1F96-4759-BFCB-F022AF2E2C59}.Debug|x64.Build.0 = Debug|x64
		{3768E746-1F96-4759-BFCB-F022AF2E2C59}.Debug|x86.ActiveCfg = Debug|Win32
		{3768E746-1F96-4759-BFCB-F022AF2E2C59}.Debug|x86.Build.0 = Debug|Win32
		{3768E746-1F96-4759-BFCB-F022AF2E2C59}.Release|Any CPU.ActiveCfg = Release|Win32
		{3768E746-1F96-4759-BFCB-F022AF2E2C59}.Release|x64.ActiveCfg = Release|x64
		{3768E746-1F96-4759-BFCB-F022AF2E2C59}.Release|x64.Build.0 = Release|x64
		{3768E746-1F96-4759-BFCB-F022AF2E2C59}.Release|x86.ActiveCfg = Release|Win32
		{3768E746-1F96-4759-BFCB-F022AF2E2C59}.Release|x86.Build.0 = Release|Win32
	EndGlobalSection
	GlobalSection(SolutionProperties) = preSolution
		HideSolutionNode = FALSE
	EndGlobalSection
	GlobalSection(ExtensibilityGlobals) = postSolution
		SolutionGuid = {4274FBAD-9AD0-42F7-B775-498EE5D7A5AF}
	EndGlobalSection
EndGlobal
