
Microsoft Visual Studio Solution File, Format Version 12.00
# Visual Studio 15
VisualStudioVersion = 15.0.27428.2011
MinimumVisualStudioVersion = 10.0.40219.1
Project("{FAE04EC0-301F-11D3-BF4B-00C04F79EFBC}") = "RawImageViewer", "RawImageViewer\RawImageViewer.csproj", "{F22E4D8C-FBDF-4585-8171-99C1F2295EA7}"
EndProject
Global
	GlobalSection(SolutionConfigurationPlatforms) = preSolution
		Debug|Any CPU = Debug|Any CPU
		Release|Any CPU = Release|Any CPU
	EndGlobalSection
	GlobalSection(ProjectConfigurationPlatforms) = postSolution
		{F22E4D8C-FBDF-4585-8171-99C1F2295EA7}.Debug|Any CPU.ActiveCfg = Debug|Any CPU
		{F22E4D8C-FBDF-4585-8171-99C1F2295EA7}.Debug|Any CPU.Build.0 = Debug|Any CPU
		{F22E4D8C-FBDF-4585-8171-99C1F2295EA7}.Release|Any CPU.ActiveCfg = Release|Any CPU
		{F22E4D8C-FBDF-4585-8171-99C1F2295EA7}.Release|Any CPU.Build.0 = Release|Any CPU
	EndGlobalSection
	GlobalSection(SolutionProperties) = preSolution
		HideSolutionNode = FALSE
	EndGlobalSection
	GlobalSection(ExtensibilityGlobals) = postSolution
		SolutionGuid = {4274FBAD-9AD0-42F7-B775-498EE5D7A5AF}
	EndGlobalSection
EndGlobal
